
Microsoft Visual Studio Solution File, Format Version 12.00
# Visual Studio Version 17
VisualStudioVersion = 17.5.33530.505
MinimumVisualStudioVersion = 10.0.40219.1
Project("{FAE04EC0-301F-11D3-BF4B-00C04F79EFBC}") = "LawFirmTemplate", "LawFirmTemplate\LawFirmTemplate.csproj", "{D1B0B26D-5539-40CB-A59B-F89E1BF81AB1}"
EndProject
Global
	GlobalSection(SolutionConfigurationPlatforms) = preSolution
		Debug|Any CPU = Debug|Any CPU
		Release|Any CPU = Release|Any CPU
	EndGlobalSection
	GlobalSection(ProjectConfigurationPlatforms) = postSolution
		{D1B0B26D-5539-40CB-A59B-F89E1BF81AB1}.Debug|Any CPU.ActiveCfg = Debug|Any CPU
		{D1B0B26D-5539-40CB-A59B-F89E1BF81AB1}.Debug|Any CPU.Build.0 = Debug|Any CPU
		{D1B0B26D-5539-40CB-A59B-F89E1BF81AB1}.Release|Any CPU.ActiveCfg = Release|Any CPU
		{D1B0B26D-5539-40CB-A59B-F89E1BF81AB1}.Release|Any CPU.Build.0 = Release|Any CPU
	EndGlobalSection
	GlobalSection(SolutionProperties) = preSolution
		HideSolutionNode = FALSE
	EndGlobalSection
	GlobalSection(ExtensibilityGlobals) = postSolution
		SolutionGuid = {F78028D9-655B-4492-ADE9-18799D9715FE}
	EndGlobalSection
EndGlobal
